
Microsoft Visual Studio Solution File, Format Version 12.00
# Visual Studio Version 17
VisualStudioVersion = 17.2.32616.157
MinimumVisualStudioVersion = 10.0.40219.1
Project("{9A19103F-16F7-4668-BE54-9A1E7A4F7556}") = "WebApi", "WebApi\WebApi.csproj", "{02463538-7A08-4976-A9C3-B5AAC88C1918}"
EndProject
Project("{9A19103F-16F7-4668-BE54-9A1E7A4F7556}") = "ViewModel", "ViewModel\ViewModel.csproj", "{19486CB9-DF63-4EE6-B4C0-E5962B4E28F2}"
EndProject
Project("{FAE04EC0-301F-11D3-BF4B-00C04F79EFBC}") = "WebApp", "WebApp\WebApp.csproj", "{3635382E-DFF8-4C34-A26D-240BEF0F8C54}"
EndProject
Global
	GlobalSection(SolutionConfigurationPlatforms) = preSolution
		Debug|Any CPU = Debug|Any CPU
		Release|Any CPU = Release|Any CPU
	EndGlobalSection
	GlobalSection(ProjectConfigurationPlatforms) = postSolution
		{02463538-7A08-4976-A9C3-B5AAC88C1918}.Debug|Any CPU.ActiveCfg = Debug|Any CPU
		{02463538-7A08-4976-A9C3-B5AAC88C1918}.Debug|Any CPU.Build.0 = Debug|Any CPU
		{02463538-7A08-4976-A9C3-B5AAC88C1918}.Release|Any CPU.ActiveCfg = Release|Any CPU
		{02463538-7A08-4976-A9C3-B5AAC88C1918}.Release|Any CPU.Build.0 = Release|Any CPU
		{19486CB9-DF63-4EE6-B4C0-E5962B4E28F2}.Debug|Any CPU.ActiveCfg = Debug|Any CPU
		{19486CB9-DF63-4EE6-B4C0-E5962B4E28F2}.Debug|Any CPU.Build.0 = Debug|Any CPU
		{19486CB9-DF63-4EE6-B4C0-E5962B4E28F2}.Release|Any CPU.ActiveCfg = Release|Any CPU
		{19486CB9-DF63-4EE6-B4C0-E5962B4E28F2}.Release|Any CPU.Build.0 = Release|Any CPU
		{3635382E-DFF8-4C34-A26D-240BEF0F8C54}.Debug|Any CPU.ActiveCfg = Debug|Any CPU
		{3635382E-DFF8-4C34-A26D-240BEF0F8C54}.Debug|Any CPU.Build.0 = Debug|Any CPU
		{3635382E-DFF8-4C34-A26D-240BEF0F8C54}.Release|Any CPU.ActiveCfg = Release|Any CPU
		{3635382E-DFF8-4C34-A26D-240BEF0F8C54}.Release|Any CPU.Build.0 = Release|Any CPU
	EndGlobalSection
	GlobalSection(SolutionProperties) = preSolution
		HideSolutionNode = FALSE
	EndGlobalSection
	GlobalSection(ExtensibilityGlobals) = postSolution
		SolutionGuid = {C235641A-12B4-436C-9A4A-314EDE7056A8}
	EndGlobalSection
EndGlobal
